
Microsoft Visual Studio Solution File, Format Version 12.00
# Visual Studio Version 17
VisualStudioVersion = 17.14.36414.22
MinimumVisualStudioVersion = 10.0.40219.1
Project("{FAE04EC0-301F-11D3-BF4B-00C04F79EFBC}") = "PART 3", "PART 3\PART 3.csproj", "{1ED43A88-ECA2-428D-9504-C39E00C02EB5}"
EndProject
Global
	GlobalSection(SolutionConfigurationPlatforms) = preSolution
		Debug|Any CPU = Debug|Any CPU
		Release|Any CPU = Release|Any CPU
	EndGlobalSection
	GlobalSection(ProjectConfigurationPlatforms) = postSolution
		{1ED43A88-ECA2-428D-9504-C39E00C02EB5}.Debug|Any CPU.ActiveCfg = Debug|Any CPU
		{1ED43A88-ECA2-428D-9504-C39E00C02EB5}.Debug|Any CPU.Build.0 = Debug|Any CPU
		{1ED43A88-ECA2-428D-9504-C39E00C02EB5}.Release|Any CPU.ActiveCfg = Release|Any CPU
		{1ED43A88-ECA2-428D-9504-C39E00C02EB5}.Release|Any CPU.Build.0 = Release|Any CPU
	EndGlobalSection
	GlobalSection(SolutionProperties) = preSolution
		HideSolutionNode = FALSE
	EndGlobalSection
	GlobalSection(ExtensibilityGlobals) = postSolution
		SolutionGuid = {94CA9B43-F209-4427-85CB-77532E943657}
	EndGlobalSection
EndGlobal
